
Microsoft Visual Studio Solution File, Format Version 12.00
# Visual Studio Version 16
VisualStudioVersion = 16.0.31112.23
MinimumVisualStudioVersion = 10.0.40219.1
Project("{8BC9CEB8-8B4A-11D0-8D11-00A0C91BC942}") = "AMF_Decode", "AMF_Decode\AMF_Decode.vcxproj", "{2121F903-798F-4D13-8E1E-4C9C3F6B2D82}"
EndProject
Project("{8BC9CEB8-8B4A-11D0-8D11-00A0C91BC942}") = "AMF_Encode", "AMF_Encode\AMF_Encode.vcxproj", "{3B41DE7D-60DD-4F01-9966-CFB83DD2EDBF}"
EndProject
Global
	GlobalSection(SolutionConfigurationPlatforms) = preSolution
		Debug|x64 = Debug|x64
		Debug|x86 = Debug|x86
		Release|x64 = Release|x64
		Release|x86 = Release|x86
	EndGlobalSection
	GlobalSection(ProjectConfigurationPlatforms) = postSolution
		{2121F903-798F-4D13-8E1E-4C9C3F6B2D82}.Debug|x64.ActiveCfg = Debug|x64
		{2121F903-798F-4D13-8E1E-4C9C3F6B2D82}.Debug|x64.Build.0 = Debug|x64
		{2121F903-798F-4D13-8E1E-4C9C3F6B2D82}.Debug|x86.ActiveCfg = Debug|Win32
		{2121F903-798F-4D13-8E1E-4C9C3F6B2D82}.Debug|x86.Build.0 = Debug|Win32
		{2121F903-798F-4D13-8E1E-4C9C3F6B2D82}.Release|x64.ActiveCfg = Release|x64
		{2121F903-798F-4D13-8E1E-4C9C3F6B2D82}.Release|x64.Build.0 = Release|x64
		{2121F903-798F-4D13-8E1E-4C9C3F6B2D82}.Release|x86.ActiveCfg = Release|Win32
		{2121F903-798F-4D13-8E1E-4C9C3F6B2D82}.Release|x86.Build.0 = Release|Win32
		{3B41DE7D-60DD-4F01-9966-CFB83DD2EDBF}.Debug|x64.ActiveCfg = Debug|x64
		{3B41DE7D-60DD-4F01-9966-CFB83DD2EDBF}.Debug|x64.Build.0 = Debug|x64
		{3B41DE7D-60DD-4F01-9966-CFB83DD2EDBF}.Debug|x86.ActiveCfg = Debug|Win32
		{3B41DE7D-60DD-4F01-9966-CFB83DD2EDBF}.Debug|x86.Build.0 = Debug|Win32
		{3B41DE7D-60DD-4F01-9966-CFB83DD2EDBF}.Release|x64.ActiveCfg = Release|x64
		{3B41DE7D-60DD-4F01-9966-CFB83DD2EDBF}.Release|x64.Build.0 = Release|x64
		{3B41DE7D-60DD-4F01-9966-CFB83DD2EDBF}.Release|x86.ActiveCfg = Release|Win32
		{3B41DE7D-60DD-4F01-9966-CFB83DD2EDBF}.Release|x86.Build.0 = Release|Win32
	EndGlobalSection
	GlobalSection(SolutionProperties) = preSolution
		HideSolutionNode = FALSE
	EndGlobalSection
	GlobalSection(ExtensibilityGlobals) = postSolution
		SolutionGuid = {238942EC-BD51-4B51-9518-B7CFA3DAFE66}
	EndGlobalSection
EndGlobal
