
Microsoft Visual Studio Solution File, Format Version 12.00
# Visual Studio Version 16
VisualStudioVersion = 16.0.30804.86
MinimumVisualStudioVersion = 10.0.40219.1
Project("{8BC9CEB8-8B4A-11D0-8D11-00A0C91BC942}") = "movjpeg-test", "movjpeg-test.vcxproj", "{707AEE78-5076-4AAE-83D0-23EE24A15053}"
EndProject
Project("{8BC9CEB8-8B4A-11D0-8D11-00A0C91BC942}") = "movjpeg_proc_time", "movjpeg_proc_time\movjpeg_proc_time.vcxproj", "{D600CC4A-17CB-4220-ABC1-6C2D0E60F83A}"
EndProject
Global
	GlobalSection(SolutionConfigurationPlatforms) = preSolution
		Debug|x64 = Debug|x64
		Debug|x86 = Debug|x86
		Release|x64 = Release|x64
		Release|x86 = Release|x86
	EndGlobalSection
	GlobalSection(ProjectConfigurationPlatforms) = postSolution
		{707AEE78-5076-4AAE-83D0-23EE24A15053}.Debug|x64.ActiveCfg = Debug|x64
		{707AEE78-5076-4AAE-83D0-23EE24A15053}.Debug|x64.Build.0 = Debug|x64
		{707AEE78-5076-4AAE-83D0-23EE24A15053}.Debug|x86.ActiveCfg = Debug|Win32
		{707AEE78-5076-4AAE-83D0-23EE24A15053}.Debug|x86.Build.0 = Debug|Win32
		{707AEE78-5076-4AAE-83D0-23EE24A15053}.Release|x64.ActiveCfg = Release|x64
		{707AEE78-5076-4AAE-83D0-23EE24A15053}.Release|x64.Build.0 = Release|x64
		{707AEE78-5076-4AAE-83D0-23EE24A15053}.Release|x86.ActiveCfg = Release|Win32
		{707AEE78-5076-4AAE-83D0-23EE24A15053}.Release|x86.Build.0 = Release|Win32
		{D600CC4A-17CB-4220-ABC1-6C2D0E60F83A}.Debug|x64.ActiveCfg = Debug|x64
		{D600CC4A-17CB-4220-ABC1-6C2D0E60F83A}.Debug|x64.Build.0 = Debug|x64
		{D600CC4A-17CB-4220-ABC1-6C2D0E60F83A}.Debug|x86.ActiveCfg = Debug|Win32
		{D600CC4A-17CB-4220-ABC1-6C2D0E60F83A}.Debug|x86.Build.0 = Debug|Win32
		{D600CC4A-17CB-4220-ABC1-6C2D0E60F83A}.Release|x64.ActiveCfg = Release|x64
		{D600CC4A-17CB-4220-ABC1-6C2D0E60F83A}.Release|x64.Build.0 = Release|x64
		{D600CC4A-17CB-4220-ABC1-6C2D0E60F83A}.Release|x86.ActiveCfg = Release|Win32
		{D600CC4A-17CB-4220-ABC1-6C2D0E60F83A}.Release|x86.Build.0 = Release|Win32
	EndGlobalSection
	GlobalSection(SolutionProperties) = preSolution
		HideSolutionNode = FALSE
	EndGlobalSection
	GlobalSection(ExtensibilityGlobals) = postSolution
		SolutionGuid = {9C156A28-D5C0-4B96-8152-83438C81CC25}
	EndGlobalSection
EndGlobal
