
Microsoft Visual Studio Solution File, Format Version 12.00
# Visual Studio Version 16
VisualStudioVersion = 16.0.30804.86
MinimumVisualStudioVersion = 10.0.40219.1
Project("{8BC9CEB8-8B4A-11D0-8D11-00A0C91BC942}") = "gRPC_base", "grpcBase\gRPC_base.vcxitems", "{4BF0A631-7CDE-4AEA-BB07-C6A74D0DF6AB}"
EndProject
Project("{8BC9CEB8-8B4A-11D0-8D11-00A0C91BC942}") = "SyncClient", "SyncClient\SyncClient.vcxproj", "{9AF64994-A60C-43F3-AC92-23EB0F73A87D}"
EndProject
Project("{8BC9CEB8-8B4A-11D0-8D11-00A0C91BC942}") = "SyncServer", "SyncServer\SyncServer.vcxproj", "{8749C4EA-149D-4CE8-8C10-6CB553CECBFE}"
EndProject
Project("{8BC9CEB8-8B4A-11D0-8D11-00A0C91BC942}") = "AsyncServer", "AsyncServer\AsyncServer.vcxproj", "{47FD9504-1732-48A8-8D51-715B1E7C3E7B}"
EndProject
Project("{8BC9CEB8-8B4A-11D0-8D11-00A0C91BC942}") = "AsyncClient", "AsyncClient\AsyncClient.vcxproj", "{7286F45E-4F65-405F-908B-06BFD435A6E4}"
EndProject
Project("{8BC9CEB8-8B4A-11D0-8D11-00A0C91BC942}") = "SyncStreamServer", "SyncStreamServer\SyncStreamServer.vcxproj", "{7F3F865F-E1C5-4EC6-9357-090ED1624B66}"
EndProject
Project("{8BC9CEB8-8B4A-11D0-8D11-00A0C91BC942}") = "SyncStreamClient", "SyncStreamClient\SyncStreamClient.vcxproj", "{14BAEECA-41E0-438A-95D7-07AAEE80A137}"
EndProject
Project("{8BC9CEB8-8B4A-11D0-8D11-00A0C91BC942}") = "AsyncStreamServer", "AsyncStreamServer\AsyncStreamServer.vcxproj", "{9D95C177-F77E-459B-A2E6-6A8F2C3798CC}"
EndProject
Project("{8BC9CEB8-8B4A-11D0-8D11-00A0C91BC942}") = "AsyncStreamClient", "AsyncStreamClient\AsyncStreamClient.vcxproj", "{DF0B8AA8-D02A-41CB-91F0-B40506E1F559}"
EndProject
Project("{8BC9CEB8-8B4A-11D0-8D11-00A0C91BC942}") = "TLS_Client", "TLS_Client\TLS_Client.vcxproj", "{BCDAC5AD-990D-49EB-A8C2-43191C99B335}"
EndProject
Project("{8BC9CEB8-8B4A-11D0-8D11-00A0C91BC942}") = "TLS_Server", "TLS_Server\TLS_Server.vcxproj", "{4F881B5F-8C36-432F-8B40-84DCB48E43D5}"
EndProject
Global
	GlobalSection(SharedMSBuildProjectFiles) = preSolution
		grpcBase\gRPC_base.vcxitems*{14baeeca-41e0-438a-95d7-07aaee80a137}*SharedItemsImports = 4
		grpcBase\gRPC_base.vcxitems*{47fd9504-1732-48a8-8d51-715b1e7c3e7b}*SharedItemsImports = 4
		grpcBase\gRPC_base.vcxitems*{4bf0a631-7cde-4aea-bb07-c6a74d0df6ab}*SharedItemsImports = 9
		grpcBase\gRPC_base.vcxitems*{4f881b5f-8c36-432f-8b40-84dcb48e43d5}*SharedItemsImports = 4
		grpcBase\gRPC_base.vcxitems*{7286f45e-4f65-405f-908b-06bfd435a6e4}*SharedItemsImports = 4
		grpcBase\gRPC_base.vcxitems*{7f3f865f-e1c5-4ec6-9357-090ed1624b66}*SharedItemsImports = 4
		grpcBase\gRPC_base.vcxitems*{8749c4ea-149d-4ce8-8c10-6cb553cecbfe}*SharedItemsImports = 4
		grpcBase\gRPC_base.vcxitems*{9af64994-a60c-43f3-ac92-23eb0f73a87d}*SharedItemsImports = 4
		grpcBase\gRPC_base.vcxitems*{9d95c177-f77e-459b-a2e6-6a8f2c3798cc}*SharedItemsImports = 4
		grpcBase\gRPC_base.vcxitems*{bcdac5ad-990d-49eb-a8c2-43191c99b335}*SharedItemsImports = 4
		grpcBase\gRPC_base.vcxitems*{df0b8aa8-d02a-41cb-91f0-b40506e1f559}*SharedItemsImports = 4
	EndGlobalSection
	GlobalSection(SolutionConfigurationPlatforms) = preSolution
		Debug|x64 = Debug|x64
		Debug|x86 = Debug|x86
		Release|x64 = Release|x64
		Release|x86 = Release|x86
	EndGlobalSection
	GlobalSection(ProjectConfigurationPlatforms) = postSolution
		{9AF64994-A60C-43F3-AC92-23EB0F73A87D}.Debug|x64.ActiveCfg = Debug|x64
		{9AF64994-A60C-43F3-AC92-23EB0F73A87D}.Debug|x64.Build.0 = Debug|x64
		{9AF64994-A60C-43F3-AC92-23EB0F73A87D}.Debug|x86.ActiveCfg = Debug|x64
		{9AF64994-A60C-43F3-AC92-23EB0F73A87D}.Release|x64.ActiveCfg = Release|x64
		{9AF64994-A60C-43F3-AC92-23EB0F73A87D}.Release|x64.Build.0 = Release|x64
		{9AF64994-A60C-43F3-AC92-23EB0F73A87D}.Release|x86.ActiveCfg = Release|x64
		{8749C4EA-149D-4CE8-8C10-6CB553CECBFE}.Debug|x64.ActiveCfg = Debug|x64
		{8749C4EA-149D-4CE8-8C10-6CB553CECBFE}.Debug|x64.Build.0 = Debug|x64
		{8749C4EA-149D-4CE8-8C10-6CB553CECBFE}.Debug|x86.ActiveCfg = Debug|x64
		{8749C4EA-149D-4CE8-8C10-6CB553CECBFE}.Release|x64.ActiveCfg = Release|x64
		{8749C4EA-149D-4CE8-8C10-6CB553CECBFE}.Release|x64.Build.0 = Release|x64
		{8749C4EA-149D-4CE8-8C10-6CB553CECBFE}.Release|x86.ActiveCfg = Release|x64
		{47FD9504-1732-48A8-8D51-715B1E7C3E7B}.Debug|x64.ActiveCfg = Debug|x64
		{47FD9504-1732-48A8-8D51-715B1E7C3E7B}.Debug|x64.Build.0 = Debug|x64
		{47FD9504-1732-48A8-8D51-715B1E7C3E7B}.Debug|x86.ActiveCfg = Debug|x64
		{47FD9504-1732-48A8-8D51-715B1E7C3E7B}.Release|x64.ActiveCfg = Release|x64
		{47FD9504-1732-48A8-8D51-715B1E7C3E7B}.Release|x64.Build.0 = Release|x64
		{47FD9504-1732-48A8-8D51-715B1E7C3E7B}.Release|x86.ActiveCfg = Release|x64
		{7286F45E-4F65-405F-908B-06BFD435A6E4}.Debug|x64.ActiveCfg = Debug|x64
		{7286F45E-4F65-405F-908B-06BFD435A6E4}.Debug|x64.Build.0 = Debug|x64
		{7286F45E-4F65-405F-908B-06BFD435A6E4}.Debug|x86.ActiveCfg = Debug|x64
		{7286F45E-4F65-405F-908B-06BFD435A6E4}.Release|x64.ActiveCfg = Release|x64
		{7286F45E-4F65-405F-908B-06BFD435A6E4}.Release|x64.Build.0 = Release|x64
		{7286F45E-4F65-405F-908B-06BFD435A6E4}.Release|x86.ActiveCfg = Release|x64
		{7F3F865F-E1C5-4EC6-9357-090ED1624B66}.Debug|x64.ActiveCfg = Debug|x64
		{7F3F865F-E1C5-4EC6-9357-090ED1624B66}.Debug|x64.Build.0 = Debug|x64
		{7F3F865F-E1C5-4EC6-9357-090ED1624B66}.Debug|x86.ActiveCfg = Debug|x64
		{7F3F865F-E1C5-4EC6-9357-090ED1624B66}.Release|x64.ActiveCfg = Release|x64
		{7F3F865F-E1C5-4EC6-9357-090ED1624B66}.Release|x64.Build.0 = Release|x64
		{7F3F865F-E1C5-4EC6-9357-090ED1624B66}.Release|x86.ActiveCfg = Release|x64
		{14BAEECA-41E0-438A-95D7-07AAEE80A137}.Debug|x64.ActiveCfg = Debug|x64
		{14BAEECA-41E0-438A-95D7-07AAEE80A137}.Debug|x64.Build.0 = Debug|x64
		{14BAEECA-41E0-438A-95D7-07AAEE80A137}.Debug|x86.ActiveCfg = Debug|x64
		{14BAEECA-41E0-438A-95D7-07AAEE80A137}.Release|x64.ActiveCfg = Release|x64
		{14BAEECA-41E0-438A-95D7-07AAEE80A137}.Release|x64.Build.0 = Release|x64
		{14BAEECA-41E0-438A-95D7-07AAEE80A137}.Release|x86.ActiveCfg = Release|x64
		{9D95C177-F77E-459B-A2E6-6A8F2C3798CC}.Debug|x64.ActiveCfg = Debug|x64
		{9D95C177-F77E-459B-A2E6-6A8F2C3798CC}.Debug|x64.Build.0 = Debug|x64
		{9D95C177-F77E-459B-A2E6-6A8F2C3798CC}.Debug|x86.ActiveCfg = Debug|x64
		{9D95C177-F77E-459B-A2E6-6A8F2C3798CC}.Release|x64.ActiveCfg = Release|x64
		{9D95C177-F77E-459B-A2E6-6A8F2C3798CC}.Release|x64.Build.0 = Release|x64
		{9D95C177-F77E-459B-A2E6-6A8F2C3798CC}.Release|x86.ActiveCfg = Release|x64
		{DF0B8AA8-D02A-41CB-91F0-B40506E1F559}.Debug|x64.ActiveCfg = Debug|x64
		{DF0B8AA8-D02A-41CB-91F0-B40506E1F559}.Debug|x64.Build.0 = Debug|x64
		{DF0B8AA8-D02A-41CB-91F0-B40506E1F559}.Debug|x86.ActiveCfg = Debug|x64
		{DF0B8AA8-D02A-41CB-91F0-B40506E1F559}.Release|x64.ActiveCfg = Release|x64
		{DF0B8AA8-D02A-41CB-91F0-B40506E1F559}.Release|x64.Build.0 = Release|x64
		{DF0B8AA8-D02A-41CB-91F0-B40506E1F559}.Release|x86.ActiveCfg = Release|x64
		{BCDAC5AD-990D-49EB-A8C2-43191C99B335}.Debug|x64.ActiveCfg = Debug|x64
		{BCDAC5AD-990D-49EB-A8C2-43191C99B335}.Debug|x64.Build.0 = Debug|x64
		{BCDAC5AD-990D-49EB-A8C2-43191C99B335}.Debug|x86.ActiveCfg = Debug|x64
		{BCDAC5AD-990D-49EB-A8C2-43191C99B335}.Release|x64.ActiveCfg = Release|x64
		{BCDAC5AD-990D-49EB-A8C2-43191C99B335}.Release|x64.Build.0 = Release|x64
		{BCDAC5AD-990D-49EB-A8C2-43191C99B335}.Release|x86.ActiveCfg = Release|x64
		{4F881B5F-8C36-432F-8B40-84DCB48E43D5}.Debug|x64.ActiveCfg = Debug|x64
		{4F881B5F-8C36-432F-8B40-84DCB48E43D5}.Debug|x64.Build.0 = Debug|x64
		{4F881B5F-8C36-432F-8B40-84DCB48E43D5}.Debug|x86.ActiveCfg = Debug|x64
		{4F881B5F-8C36-432F-8B40-84DCB48E43D5}.Release|x64.ActiveCfg = Release|x64
		{4F881B5F-8C36-432F-8B40-84DCB48E43D5}.Release|x64.Build.0 = Release|x64
		{4F881B5F-8C36-432F-8B40-84DCB48E43D5}.Release|x86.ActiveCfg = Release|x64
	EndGlobalSection
	GlobalSection(SolutionProperties) = preSolution
		HideSolutionNode = FALSE
	EndGlobalSection
	GlobalSection(ExtensibilityGlobals) = postSolution
		SolutionGuid = {F9B5DE45-6A83-43F5-959C-3801C1412B1F}
	EndGlobalSection
EndGlobal
