
Microsoft Visual Studio Solution File, Format Version 12.00
# Visual Studio 15
VisualStudioVersion = 15.0.28307.539
MinimumVisualStudioVersion = 10.0.40219.1
Project("{8BC9CEB8-8B4A-11D0-8D11-00A0C91BC942}") = "TLS_Server", "TLS_Server\TLS_Server.vcxproj", "{B6813D7C-926D-4562-8356-8E8CDAA14E52}"
EndProject
Project("{8BC9CEB8-8B4A-11D0-8D11-00A0C91BC942}") = "TLS_Client", "TLS_Client\TLS_Client.vcxproj", "{C35738FF-2995-4DF2-959E-4A58253F98FC}"
EndProject
Global
	GlobalSection(SolutionConfigurationPlatforms) = preSolution
		Debug|x64 = Debug|x64
		Debug|x86 = Debug|x86
		Release|x64 = Release|x64
		Release|x86 = Release|x86
	EndGlobalSection
	GlobalSection(ProjectConfigurationPlatforms) = postSolution
		{B6813D7C-926D-4562-8356-8E8CDAA14E52}.Debug|x64.ActiveCfg = Debug|x64
		{B6813D7C-926D-4562-8356-8E8CDAA14E52}.Debug|x64.Build.0 = Debug|x64
		{B6813D7C-926D-4562-8356-8E8CDAA14E52}.Debug|x86.ActiveCfg = Debug|Win32
		{B6813D7C-926D-4562-8356-8E8CDAA14E52}.Debug|x86.Build.0 = Debug|Win32
		{B6813D7C-926D-4562-8356-8E8CDAA14E52}.Release|x64.ActiveCfg = Release|x64
		{B6813D7C-926D-4562-8356-8E8CDAA14E52}.Release|x64.Build.0 = Release|x64
		{B6813D7C-926D-4562-8356-8E8CDAA14E52}.Release|x86.ActiveCfg = Release|Win32
		{B6813D7C-926D-4562-8356-8E8CDAA14E52}.Release|x86.Build.0 = Release|Win32
		{C35738FF-2995-4DF2-959E-4A58253F98FC}.Debug|x64.ActiveCfg = Debug|x64
		{C35738FF-2995-4DF2-959E-4A58253F98FC}.Debug|x64.Build.0 = Debug|x64
		{C35738FF-2995-4DF2-959E-4A58253F98FC}.Debug|x86.ActiveCfg = Debug|Win32
		{C35738FF-2995-4DF2-959E-4A58253F98FC}.Debug|x86.Build.0 = Debug|Win32
		{C35738FF-2995-4DF2-959E-4A58253F98FC}.Release|x64.ActiveCfg = Release|x64
		{C35738FF-2995-4DF2-959E-4A58253F98FC}.Release|x64.Build.0 = Release|x64
		{C35738FF-2995-4DF2-959E-4A58253F98FC}.Release|x86.ActiveCfg = Release|Win32
		{C35738FF-2995-4DF2-959E-4A58253F98FC}.Release|x86.Build.0 = Release|Win32
	EndGlobalSection
	GlobalSection(SolutionProperties) = preSolution
		HideSolutionNode = FALSE
	EndGlobalSection
	GlobalSection(ExtensibilityGlobals) = postSolution
		SolutionGuid = {31894142-9A58-4A80-8AF0-6EBA1EF9D63C}
	EndGlobalSection
EndGlobal
