
Microsoft Visual Studio Solution File, Format Version 12.00
# Visual Studio 15
VisualStudioVersion = 15.0.28307.645
MinimumVisualStudioVersion = 10.0.40219.1
Project("{8BC9CEB8-8B4A-11D0-8D11-00A0C91BC942}") = "RTP_FFMPEG_Stream", "RTP_FFMPEG_Stream\RTP_FFMPEG_Stream.vcxproj", "{E8482F6F-0874-4BC1-954A-DBE820FF8EA9}"
EndProject
Global
	GlobalSection(SolutionConfigurationPlatforms) = preSolution
		Debug|x64 = Debug|x64
		Debug|x86 = Debug|x86
		Release|x64 = Release|x64
		Release|x86 = Release|x86
	EndGlobalSection
	GlobalSection(ProjectConfigurationPlatforms) = postSolution
		{E8482F6F-0874-4BC1-954A-DBE820FF8EA9}.Debug|x64.ActiveCfg = Debug|x64
		{E8482F6F-0874-4BC1-954A-DBE820FF8EA9}.Debug|x64.Build.0 = Debug|x64
		{E8482F6F-0874-4BC1-954A-DBE820FF8EA9}.Debug|x86.ActiveCfg = Debug|Win32
		{E8482F6F-0874-4BC1-954A-DBE820FF8EA9}.Debug|x86.Build.0 = Debug|Win32
		{E8482F6F-0874-4BC1-954A-DBE820FF8EA9}.Release|x64.ActiveCfg = Release|x64
		{E8482F6F-0874-4BC1-954A-DBE820FF8EA9}.Release|x64.Build.0 = Release|x64
		{E8482F6F-0874-4BC1-954A-DBE820FF8EA9}.Release|x86.ActiveCfg = Release|Win32
		{E8482F6F-0874-4BC1-954A-DBE820FF8EA9}.Release|x86.Build.0 = Release|Win32
	EndGlobalSection
	GlobalSection(SolutionProperties) = preSolution
		HideSolutionNode = FALSE
	EndGlobalSection
	GlobalSection(ExtensibilityGlobals) = postSolution
		SolutionGuid = {314F0AAC-8594-456F-BF2D-871804FE5E30}
	EndGlobalSection
EndGlobal
